// !$*UTF8*$!
{
	archiveVersion = 1;
	classes = {
	};
	objectVersion = 50;
	objects = {

/* Begin PBXBuildFile section */
		E5349C752409D66E00F3B4E3 /* libz.1.tbd in Frameworks */ = {isa = PBXBuildFile; fileRef = E5349C742409D5EB00F3B4E3 /* libz.1.tbd */; };
		E544696423B8A13C00962278 /* AppDelegate.swift in Sources */ = {isa = PBXBuildFile; fileRef = E544696323B8A13C00962278 /* AppDelegate.swift */; };
		E544696623B8A13C00962278 /* SceneDelegate.swift in Sources */ = {isa = PBXBuildFile; fileRef = E544696523B8A13C00962278 /* SceneDelegate.swift */; };
		E544696823B8A13C00962278 /* ViewController.swift in Sources */ = {isa = PBXBuildFile; fileRef = E544696723B8A13C00962278 /* ViewController.swift */; };
		E544696B23B8A13C00962278 /* Main.storyboard in Resources */ = {isa = PBXBuildFile; fileRef = E544696923B8A13C00962278 /* Main.storyboard */; };
		E544696D23B8A13D00962278 /* Assets.xcassets in Resources */ = {isa = PBXBuildFile; fileRef = E544696C23B8A13D00962278 /* Assets.xcassets */; };
		E544697023B8A13D00962278 /* LaunchScreen.storyboard in Resources */ = {isa = PBXBuildFile; fileRef = E544696E23B8A13D00962278 /* LaunchScreen.storyboard */; };
		E58C87BD2417C78800142A96 /* JailbrakeDetector.swift in Sources */ = {isa = PBXBuildFile; fileRef = E58C87BC2417C78800142A96 /* JailbrakeDetector.swift */; };
		E5D44F4D2424EF8E00E24614 /* libcurl_iOS.a in Frameworks */ = {isa = PBXBuildFile; fileRef = E5D44F492424EF8E00E24614 /* libcurl_iOS.a */; };
		E5D44F4E2424EF8E00E24614 /* libssl.a in Frameworks */ = {isa = PBXBuildFile; fileRef = E5D44F4A2424EF8E00E24614 /* libssl.a */; };
		E5D44F4F2424EF8E00E24614 /* libnghttp2.a in Frameworks */ = {isa = PBXBuildFile; fileRef = E5D44F4B2424EF8E00E24614 /* libnghttp2.a */; };
		E5D44F502424EF8E00E24614 /* libcrypto.a in Frameworks */ = {isa = PBXBuildFile; fileRef = E5D44F4C2424EF8E00E24614 /* libcrypto.a */; };
		E5D44F812424F04200E24614 /* CIETagReader.swift in Sources */ = {isa = PBXBuildFile; fileRef = E5D44F512424F03F00E24614 /* CIETagReader.swift */; };
		E5D44F822424F04200E24614 /* CIEIDSdk.swift in Sources */ = {isa = PBXBuildFile; fileRef = E5D44F532424F03F00E24614 /* CIEIDSdk.swift */; };
		E5D44F832424F04200E24614 /* CIEEngineHelper.c in Sources */ = {isa = PBXBuildFile; fileRef = E5D44F552424F03F00E24614 /* CIEEngineHelper.c */; };
		E5D44F842424F04200E24614 /* AES.cpp in Sources */ = {isa = PBXBuildFile; fileRef = E5D44F582424F04000E24614 /* AES.cpp */; };
		E5D44F852424F04200E24614 /* Logging.swift in Sources */ = {isa = PBXBuildFile; fileRef = E5D44F5A2424F04000E24614 /* Logging.swift */; };
		E5D44F862424F04200E24614 /* MAC.cpp in Sources */ = {isa = PBXBuildFile; fileRef = E5D44F5B2424F04000E24614 /* MAC.cpp */; };
		E5D44F872424F04200E24614 /* SHA256.cpp in Sources */ = {isa = PBXBuildFile; fileRef = E5D44F602424F04000E24614 /* SHA256.cpp */; };
		E5D44F882424F04200E24614 /* HTTPSConnection.m in Sources */ = {isa = PBXBuildFile; fileRef = E5D44F662424F04000E24614 /* HTTPSConnection.m */; };
		E5D44F892424F04200E24614 /* SHA1.cpp in Sources */ = {isa = PBXBuildFile; fileRef = E5D44F672424F04100E24614 /* SHA1.cpp */; };
		E5D44F8A2424F04200E24614 /* DES3.cpp in Sources */ = {isa = PBXBuildFile; fileRef = E5D44F682424F04100E24614 /* DES3.cpp */; };
		E5D44F8B2424F04200E24614 /* RSA.cpp in Sources */ = {isa = PBXBuildFile; fileRef = E5D44F692424F04100E24614 /* RSA.cpp */; };
		E5D44F8C2424F04200E24614 /* ErrorHelper.swift in Sources */ = {isa = PBXBuildFile; fileRef = E5D44F6A2424F04100E24614 /* ErrorHelper.swift */; };
		E5D44F8D2424F04200E24614 /* CIEEngine.c in Sources */ = {isa = PBXBuildFile; fileRef = E5D44F6B2424F04100E24614 /* CIEEngine.c */; };
		E5D44F8E2424F04200E24614 /* SHA512.cpp in Sources */ = {isa = PBXBuildFile; fileRef = E5D44F6D2424F04100E24614 /* SHA512.cpp */; };
		E5D44F8F2424F04200E24614 /* TLV.cpp in Sources */ = {isa = PBXBuildFile; fileRef = E5D44F6F2424F04100E24614 /* TLV.cpp */; };
		E5D44F902424F04200E24614 /* UtilException.cpp in Sources */ = {isa = PBXBuildFile; fileRef = E5D44F702424F04100E24614 /* UtilException.cpp */; };
		E5D44F912424F04200E24614 /* Array.cpp in Sources */ = {isa = PBXBuildFile; fileRef = E5D44F722424F04100E24614 /* Array.cpp */; };
		E5D44F922424F04200E24614 /* util.cpp in Sources */ = {isa = PBXBuildFile; fileRef = E5D44F732424F04100E24614 /* util.cpp */; };
		E5D44F932424F04200E24614 /* Base64.cpp in Sources */ = {isa = PBXBuildFile; fileRef = E5D44F762424F04200E24614 /* Base64.cpp */; };
		E5D44F942424F04200E24614 /* include in Resources */ = {isa = PBXBuildFile; fileRef = E5D44F772424F04200E24614 /* include */; };
		E5D44F952424F04200E24614 /* ASNParser.cpp in Sources */ = {isa = PBXBuildFile; fileRef = E5D44F7A2424F04200E24614 /* ASNParser.cpp */; };
		E5D44F962424F04200E24614 /* IAS.mm in Sources */ = {isa = PBXBuildFile; fileRef = E5D44F7B2424F04200E24614 /* IAS.mm */; };
		E5D44F972424F04200E24614 /* MD5.cpp in Sources */ = {isa = PBXBuildFile; fileRef = E5D44F7D2424F04200E24614 /* MD5.cpp */; };
		E5D44F982424F04200E24614 /* ExtAuthKey.cpp in Sources */ = {isa = PBXBuildFile; fileRef = E5D44F7E2424F04200E24614 /* ExtAuthKey.cpp */; };
		E5D44F992424F04200E24614 /* Token.mm in Sources */ = {isa = PBXBuildFile; fileRef = E5D44F7F2424F04200E24614 /* Token.mm */; };
		E5D44F9A2424F04200E24614 /* Token.swift in Sources */ = {isa = PBXBuildFile; fileRef = E5D44F802424F04200E24614 /* Token.swift */; };
/* End PBXBuildFile section */

/* Begin PBXFileReference section */
		BDE6EF24E88C688A374B0B79 /* Pods_CIESDK.framework */ = {isa = PBXFileReference; explicitFileType = wrapper.framework; includeInIndex = 0; path = Pods_CIESDK.framework; sourceTree = BUILT_PRODUCTS_DIR; };
		E5349C732409D5D100F3B4E3 /* libz.1.2.8.tbd */ = {isa = PBXFileReference; lastKnownFileType = "sourcecode.text-based-dylib-definition"; name = libz.1.2.8.tbd; path = usr/lib/libz.1.2.8.tbd; sourceTree = SDKROOT; };
		E5349C742409D5EB00F3B4E3 /* libz.1.tbd */ = {isa = PBXFileReference; lastKnownFileType = "sourcecode.text-based-dylib-definition"; name = libz.1.tbd; path = usr/lib/libz.1.tbd; sourceTree = SDKROOT; };
		E544696023B8A13C00962278 /* IOCIESDK.app */ = {isa = PBXFileReference; explicitFileType = wrapper.application; includeInIndex = 0; path = IOCIESDK.app; sourceTree = BUILT_PRODUCTS_DIR; };
		E544696323B8A13C00962278 /* AppDelegate.swift */ = {isa = PBXFileReference; lastKnownFileType = sourcecode.swift; path = AppDelegate.swift; sourceTree = "<group>"; };
		E544696523B8A13C00962278 /* SceneDelegate.swift */ = {isa = PBXFileReference; lastKnownFileType = sourcecode.swift; path = SceneDelegate.swift; sourceTree = "<group>"; };
		E544696723B8A13C00962278 /* ViewController.swift */ = {isa = PBXFileReference; lastKnownFileType = sourcecode.swift; path = ViewController.swift; sourceTree = "<group>"; };
		E544696A23B8A13C00962278 /* Base */ = {isa = PBXFileReference; lastKnownFileType = file.storyboard; name = Base; path = Base.lproj/Main.storyboard; sourceTree = "<group>"; };
		E544696C23B8A13D00962278 /* Assets.xcassets */ = {isa = PBXFileReference; lastKnownFileType = folder.assetcatalog; path = Assets.xcassets; sourceTree = "<group>"; };
		E544696F23B8A13D00962278 /* Base */ = {isa = PBXFileReference; lastKnownFileType = file.storyboard; name = Base; path = Base.lproj/LaunchScreen.storyboard; sourceTree = "<group>"; };
		E544697123B8A13D00962278 /* Info.plist */ = {isa = PBXFileReference; lastKnownFileType = text.plist.xml; path = Info.plist; sourceTree = "<group>"; };
		E544697723B8A15100962278 /* CIESDK.entitlements */ = {isa = PBXFileReference; lastKnownFileType = text.plist.entitlements; path = CIESDK.entitlements; sourceTree = "<group>"; };
		E544697B23B8A30B00962278 /* CIESDK-Bridging-Header.h */ = {isa = PBXFileReference; lastKnownFileType = sourcecode.c.h; path = "CIESDK-Bridging-Header.h"; sourceTree = "<group>"; };
		E58C87BC2417C78800142A96 /* JailbrakeDetector.swift */ = {isa = PBXFileReference; fileEncoding = 4; lastKnownFileType = sourcecode.swift; path = JailbrakeDetector.swift; sourceTree = "<group>"; };
		E5D44F492424EF8E00E24614 /* libcurl_iOS.a */ = {isa = PBXFileReference; lastKnownFileType = archive.ar; name = libcurl_iOS.a; path = iocieiossdk/libcurl_iOS.a; sourceTree = "<group>"; };
		E5D44F4A2424EF8E00E24614 /* libssl.a */ = {isa = PBXFileReference; lastKnownFileType = archive.ar; name = libssl.a; path = iocieiossdk/libssl.a; sourceTree = "<group>"; };
		E5D44F4B2424EF8E00E24614 /* libnghttp2.a */ = {isa = PBXFileReference; lastKnownFileType = archive.ar; name = libnghttp2.a; path = iocieiossdk/libnghttp2.a; sourceTree = "<group>"; };
		E5D44F4C2424EF8E00E24614 /* libcrypto.a */ = {isa = PBXFileReference; lastKnownFileType = archive.ar; name = libcrypto.a; path = iocieiossdk/libcrypto.a; sourceTree = "<group>"; };
		E5D44F512424F03F00E24614 /* CIETagReader.swift */ = {isa = PBXFileReference; fileEncoding = 4; lastKnownFileType = sourcecode.swift; name = CIETagReader.swift; path = iocieiossdk/CIETagReader.swift; sourceTree = "<group>"; };
		E5D44F522424F03F00E24614 /* util.h */ = {isa = PBXFileReference; fileEncoding = 4; lastKnownFileType = sourcecode.c.h; name = util.h; path = iocieiossdk/util.h; sourceTree = "<group>"; };
		E5D44F532424F03F00E24614 /* CIEIDSdk.swift */ = {isa = PBXFileReference; fileEncoding = 4; lastKnownFileType = sourcecode.swift; name = CIEIDSdk.swift; path = iocieiossdk/CIEIDSdk.swift; sourceTree = "<group>"; };
		E5D44F542424F03F00E24614 /* CryptoUtil.h */ = {isa = PBXFileReference; fileEncoding = 4; lastKnownFileType = sourcecode.c.h; name = CryptoUtil.h; path = iocieiossdk/CryptoUtil.h; sourceTree = "<group>"; };
		E5D44F552424F03F00E24614 /* CIEEngineHelper.c */ = {isa = PBXFileReference; fileEncoding = 4; lastKnownFileType = sourcecode.c.c; name = CIEEngineHelper.c; path = iocieiossdk/CIEEngineHelper.c; sourceTree = "<group>"; };
		E5D44F562424F03F00E24614 /* defines.h */ = {isa = PBXFileReference; fileEncoding = 4; lastKnownFileType = sourcecode.c.h; name = defines.h; path = iocieiossdk/defines.h; sourceTree = "<group>"; };
		E5D44F572424F03F00E24614 /* DES3.h */ = {isa = PBXFileReference; fileEncoding = 4; lastKnownFileType = sourcecode.c.h; name = DES3.h; path = iocieiossdk/DES3.h; sourceTree = "<group>"; };
		E5D44F582424F04000E24614 /* AES.cpp */ = {isa = PBXFileReference; fileEncoding = 4; lastKnownFileType = sourcecode.cpp.cpp; name = AES.cpp; path = iocieiossdk/AES.cpp; sourceTree = "<group>"; };
		E5D44F592424F04000E24614 /* CIEEngineHelper.h */ = {isa = PBXFileReference; fileEncoding = 4; lastKnownFileType = sourcecode.c.h; name = CIEEngineHelper.h; path = iocieiossdk/CIEEngineHelper.h; sourceTree = "<group>"; };
		E5D44F5A2424F04000E24614 /* Logging.swift */ = {isa = PBXFileReference; fileEncoding = 4; lastKnownFileType = sourcecode.swift; name = Logging.swift; path = iocieiossdk/Logging.swift; sourceTree = "<group>"; };
		E5D44F5B2424F04000E24614 /* MAC.cpp */ = {isa = PBXFileReference; fileEncoding = 4; lastKnownFileType = sourcecode.cpp.cpp; name = MAC.cpp; path = iocieiossdk/MAC.cpp; sourceTree = "<group>"; };
		E5D44F5C2424F04000E24614 /* IAS.h */ = {isa = PBXFileReference; fileEncoding = 4; lastKnownFileType = sourcecode.c.h; name = IAS.h; path = iocieiossdk/IAS.h; sourceTree = "<group>"; };
		E5D44F5D2424F04000E24614 /* MAC.h */ = {isa = PBXFileReference; fileEncoding = 4; lastKnownFileType = sourcecode.c.h; name = MAC.h; path = iocieiossdk/MAC.h; sourceTree = "<group>"; };
		E5D44F5E2424F04000E24614 /* RSA.h */ = {isa = PBXFileReference; fileEncoding = 4; lastKnownFileType = sourcecode.c.h; name = RSA.h; path = iocieiossdk/RSA.h; sourceTree = "<group>"; };
		E5D44F5F2424F04000E24614 /* SHA1.h */ = {isa = PBXFileReference; fileEncoding = 4; lastKnownFileType = sourcecode.c.h; name = SHA1.h; path = iocieiossdk/SHA1.h; sourceTree = "<group>"; };
		E5D44F602424F04000E24614 /* SHA256.cpp */ = {isa = PBXFileReference; fileEncoding = 4; lastKnownFileType = sourcecode.cpp.cpp; name = SHA256.cpp; path = iocieiossdk/SHA256.cpp; sourceTree = "<group>"; };
		E5D44F612424F04000E24614 /* Token.h */ = {isa = PBXFileReference; fileEncoding = 4; lastKnownFileType = sourcecode.c.h; name = Token.h; path = iocieiossdk/Token.h; sourceTree = "<group>"; };
		E5D44F622424F04000E24614 /* ASNParser.h */ = {isa = PBXFileReference; fileEncoding = 4; lastKnownFileType = sourcecode.c.h; name = ASNParser.h; path = iocieiossdk/ASNParser.h; sourceTree = "<group>"; };
		E5D44F632424F04000E24614 /* MD5.h */ = {isa = PBXFileReference; fileEncoding = 4; lastKnownFileType = sourcecode.c.h; name = MD5.h; path = iocieiossdk/MD5.h; sourceTree = "<group>"; };
		E5D44F642424F04000E24614 /* CIEEngine.h */ = {isa = PBXFileReference; fileEncoding = 4; lastKnownFileType = sourcecode.c.h; name = CIEEngine.h; path = iocieiossdk/CIEEngine.h; sourceTree = "<group>"; };
		E5D44F652424F04000E24614 /* HTTPSConnection.h */ = {isa = PBXFileReference; fileEncoding = 4; lastKnownFileType = sourcecode.c.h; name = HTTPSConnection.h; path = iocieiossdk/HTTPSConnection.h; sourceTree = "<group>"; };
		E5D44F662424F04000E24614 /* HTTPSConnection.m */ = {isa = PBXFileReference; fileEncoding = 4; lastKnownFileType = sourcecode.c.objc; name = HTTPSConnection.m; path = iocieiossdk/HTTPSConnection.m; sourceTree = "<group>"; };
		E5D44F672424F04100E24614 /* SHA1.cpp */ = {isa = PBXFileReference; fileEncoding = 4; lastKnownFileType = sourcecode.cpp.cpp; name = SHA1.cpp; path = iocieiossdk/SHA1.cpp; sourceTree = "<group>"; };
		E5D44F682424F04100E24614 /* DES3.cpp */ = {isa = PBXFileReference; fileEncoding = 4; lastKnownFileType = sourcecode.cpp.cpp; name = DES3.cpp; path = iocieiossdk/DES3.cpp; sourceTree = "<group>"; };
		E5D44F692424F04100E24614 /* RSA.cpp */ = {isa = PBXFileReference; fileEncoding = 4; lastKnownFileType = sourcecode.cpp.cpp; name = RSA.cpp; path = iocieiossdk/RSA.cpp; sourceTree = "<group>"; };
		E5D44F6A2424F04100E24614 /* ErrorHelper.swift */ = {isa = PBXFileReference; fileEncoding = 4; lastKnownFileType = sourcecode.swift; name = ErrorHelper.swift; path = iocieiossdk/ErrorHelper.swift; sourceTree = "<group>"; };
		E5D44F6B2424F04100E24614 /* CIEEngine.c */ = {isa = PBXFileReference; fileEncoding = 4; lastKnownFileType = sourcecode.c.c; name = CIEEngine.c; path = iocieiossdk/CIEEngine.c; sourceTree = "<group>"; };
		E5D44F6C2424F04100E24614 /* sha256.h */ = {isa = PBXFileReference; fileEncoding = 4; lastKnownFileType = sourcecode.c.h; name = sha256.h; path = iocieiossdk/sha256.h; sourceTree = "<group>"; };
		E5D44F6D2424F04100E24614 /* SHA512.cpp */ = {isa = PBXFileReference; fileEncoding = 4; lastKnownFileType = sourcecode.cpp.cpp; name = SHA512.cpp; path = iocieiossdk/SHA512.cpp; sourceTree = "<group>"; };
		E5D44F6E2424F04100E24614 /* sha512.h */ = {isa = PBXFileReference; fileEncoding = 4; lastKnownFileType = sourcecode.c.h; name = sha512.h; path = iocieiossdk/sha512.h; sourceTree = "<group>"; };
		E5D44F6F2424F04100E24614 /* TLV.cpp */ = {isa = PBXFileReference; fileEncoding = 4; lastKnownFileType = sourcecode.cpp.cpp; name = TLV.cpp; path = iocieiossdk/TLV.cpp; sourceTree = "<group>"; };
		E5D44F702424F04100E24614 /* UtilException.cpp */ = {isa = PBXFileReference; fileEncoding = 4; lastKnownFileType = sourcecode.cpp.cpp; name = UtilException.cpp; path = iocieiossdk/UtilException.cpp; sourceTree = "<group>"; };
		E5D44F712424F04100E24614 /* Base64.h */ = {isa = PBXFileReference; fileEncoding = 4; lastKnownFileType = sourcecode.c.h; name = Base64.h; path = iocieiossdk/Base64.h; sourceTree = "<group>"; };
		E5D44F722424F04100E24614 /* Array.cpp */ = {isa = PBXFileReference; fileEncoding = 4; lastKnownFileType = sourcecode.cpp.cpp; name = Array.cpp; path = iocieiossdk/Array.cpp; sourceTree = "<group>"; };
		E5D44F732424F04100E24614 /* util.cpp */ = {isa = PBXFileReference; fileEncoding = 4; lastKnownFileType = sourcecode.cpp.cpp; name = util.cpp; path = iocieiossdk/util.cpp; sourceTree = "<group>"; };
		E5D44F742424F04100E24614 /* UtilException.h */ = {isa = PBXFileReference; fileEncoding = 4; lastKnownFileType = sourcecode.c.h; name = UtilException.h; path = iocieiossdk/UtilException.h; sourceTree = "<group>"; };
		E5D44F752424F04100E24614 /* Array.h */ = {isa = PBXFileReference; fileEncoding = 4; lastKnownFileType = sourcecode.c.h; name = Array.h; path = iocieiossdk/Array.h; sourceTree = "<group>"; };
		E5D44F762424F04200E24614 /* Base64.cpp */ = {isa = PBXFileReference; fileEncoding = 4; lastKnownFileType = sourcecode.cpp.cpp; name = Base64.cpp; path = iocieiossdk/Base64.cpp; sourceTree = "<group>"; };
		E5D44F772424F04200E24614 /* include */ = {isa = PBXFileReference; lastKnownFileType = folder; name = include; path = iocieiossdk/include; sourceTree = "<group>"; };
		E5D44F782424F04200E24614 /* TLV.h */ = {isa = PBXFileReference; fileEncoding = 4; lastKnownFileType = sourcecode.c.h; name = TLV.h; path = iocieiossdk/TLV.h; sourceTree = "<group>"; };
		E5D44F792424F04200E24614 /* wintypes.h */ = {isa = PBXFileReference; fileEncoding = 4; lastKnownFileType = sourcecode.c.h; name = wintypes.h; path = iocieiossdk/wintypes.h; sourceTree = "<group>"; };
		E5D44F7A2424F04200E24614 /* ASNParser.cpp */ = {isa = PBXFileReference; fileEncoding = 4; lastKnownFileType = sourcecode.cpp.cpp; name = ASNParser.cpp; path = iocieiossdk/ASNParser.cpp; sourceTree = "<group>"; };
		E5D44F7B2424F04200E24614 /* IAS.mm */ = {isa = PBXFileReference; fileEncoding = 4; lastKnownFileType = sourcecode.cpp.objcpp; name = IAS.mm; path = iocieiossdk/IAS.mm; sourceTree = "<group>"; };
		E5D44F7C2424F04200E24614 /* AES.h */ = {isa = PBXFileReference; fileEncoding = 4; lastKnownFileType = sourcecode.c.h; name = AES.h; path = iocieiossdk/AES.h; sourceTree = "<group>"; };
		E5D44F7D2424F04200E24614 /* MD5.cpp */ = {isa = PBXFileReference; fileEncoding = 4; lastKnownFileType = sourcecode.cpp.cpp; name = MD5.cpp; path = iocieiossdk/MD5.cpp; sourceTree = "<group>"; };
		E5D44F7E2424F04200E24614 /* ExtAuthKey.cpp */ = {isa = PBXFileReference; fileEncoding = 4; lastKnownFileType = sourcecode.cpp.cpp; name = ExtAuthKey.cpp; path = iocieiossdk/ExtAuthKey.cpp; sourceTree = "<group>"; };
		E5D44F7F2424F04200E24614 /* Token.mm */ = {isa = PBXFileReference; fileEncoding = 4; lastKnownFileType = sourcecode.cpp.objcpp; name = Token.mm; path = iocieiossdk/Token.mm; sourceTree = "<group>"; };
		E5D44F802424F04200E24614 /* Token.swift */ = {isa = PBXFileReference; fileEncoding = 4; lastKnownFileType = sourcecode.swift; name = Token.swift; path = iocieiossdk/Token.swift; sourceTree = "<group>"; };
/* End PBXFileReference section */

/* Begin PBXFrameworksBuildPhase section */
		E544695D23B8A13C00962278 /* Frameworks */ = {
			isa = PBXFrameworksBuildPhase;
			buildActionMask = 2147483647;
			files = (
				E5349C752409D66E00F3B4E3 /* libz.1.tbd in Frameworks */,
				E5D44F502424EF8E00E24614 /* libcrypto.a in Frameworks */,
				E5D44F4F2424EF8E00E24614 /* libnghttp2.a in Frameworks */,
				E5D44F4D2424EF8E00E24614 /* libcurl_iOS.a in Frameworks */,
				E5D44F4E2424EF8E00E24614 /* libssl.a in Frameworks */,
			);
			runOnlyForDeploymentPostprocessing = 0;
		};
/* End PBXFrameworksBuildPhase section */

/* Begin PBXGroup section */
		A32BFCFF45124B1A76157CE0 /* Frameworks */ = {
			isa = PBXGroup;
			children = (
				E5349C742409D5EB00F3B4E3 /* libz.1.tbd */,
				E5349C732409D5D100F3B4E3 /* libz.1.2.8.tbd */,
				BDE6EF24E88C688A374B0B79 /* Pods_CIESDK.framework */,
			);
			name = Frameworks;
			sourceTree = "<group>";
		};
		E544695723B8A13C00962278 = {
			isa = PBXGroup;
			children = (
				E5D44F582424F04000E24614 /* AES.cpp */,
				E5D44F7C2424F04200E24614 /* AES.h */,
				E5D44F722424F04100E24614 /* Array.cpp */,
				E5D44F752424F04100E24614 /* Array.h */,
				E5D44F7A2424F04200E24614 /* ASNParser.cpp */,
				E5D44F622424F04000E24614 /* ASNParser.h */,
				E5D44F762424F04200E24614 /* Base64.cpp */,
				E5D44F712424F04100E24614 /* Base64.h */,
				E5D44F6B2424F04100E24614 /* CIEEngine.c */,
				E5D44F642424F04000E24614 /* CIEEngine.h */,
				E5D44F552424F03F00E24614 /* CIEEngineHelper.c */,
				E5D44F592424F04000E24614 /* CIEEngineHelper.h */,
				E5D44F532424F03F00E24614 /* CIEIDSdk.swift */,
				E5D44F512424F03F00E24614 /* CIETagReader.swift */,
				E5D44F542424F03F00E24614 /* CryptoUtil.h */,
				E5D44F562424F03F00E24614 /* defines.h */,
				E5D44F682424F04100E24614 /* DES3.cpp */,
				E5D44F572424F03F00E24614 /* DES3.h */,
				E5D44F6A2424F04100E24614 /* ErrorHelper.swift */,
				E5D44F7E2424F04200E24614 /* ExtAuthKey.cpp */,
				E5D44F652424F04000E24614 /* HTTPSConnection.h */,
				E5D44F662424F04000E24614 /* HTTPSConnection.m */,
				E5D44F5C2424F04000E24614 /* IAS.h */,
				E5D44F7B2424F04200E24614 /* IAS.mm */,
				E5D44F772424F04200E24614 /* include */,
				E5D44F5A2424F04000E24614 /* Logging.swift */,
				E5D44F5B2424F04000E24614 /* MAC.cpp */,
				E5D44F5D2424F04000E24614 /* MAC.h */,
				E5D44F7D2424F04200E24614 /* MD5.cpp */,
				E5D44F632424F04000E24614 /* MD5.h */,
				E5D44F692424F04100E24614 /* RSA.cpp */,
				E5D44F5E2424F04000E24614 /* RSA.h */,
				E5D44F672424F04100E24614 /* SHA1.cpp */,
				E5D44F5F2424F04000E24614 /* SHA1.h */,
				E5D44F602424F04000E24614 /* SHA256.cpp */,
				E5D44F6C2424F04100E24614 /* sha256.h */,
				E5D44F6D2424F04100E24614 /* SHA512.cpp */,
				E5D44F6E2424F04100E24614 /* sha512.h */,
				E5D44F6F2424F04100E24614 /* TLV.cpp */,
				E5D44F782424F04200E24614 /* TLV.h */,
				E5D44F612424F04000E24614 /* Token.h */,
				E5D44F7F2424F04200E24614 /* Token.mm */,
				E5D44F802424F04200E24614 /* Token.swift */,
				E5D44F732424F04100E24614 /* util.cpp */,
				E5D44F522424F03F00E24614 /* util.h */,
				E5D44F702424F04100E24614 /* UtilException.cpp */,
				E5D44F742424F04100E24614 /* UtilException.h */,
				E5D44F792424F04200E24614 /* wintypes.h */,
				E5D44F4C2424EF8E00E24614 /* libcrypto.a */,
				E5D44F492424EF8E00E24614 /* libcurl_iOS.a */,
				E5D44F4B2424EF8E00E24614 /* libnghttp2.a */,
				E5D44F4A2424EF8E00E24614 /* libssl.a */,
				E58C87BB2417C78800142A96 /* Utils */,
				E544696223B8A13C00962278 /* CIESDK */,
				E544696123B8A13C00962278 /* Products */,
				A32BFCFF45124B1A76157CE0 /* Frameworks */,
			);
			sourceTree = "<group>";
		};
		E544696123B8A13C00962278 /* Products */ = {
			isa = PBXGroup;
			children = (
				E544696023B8A13C00962278 /* IOCIESDK.app */,
			);
			name = Products;
			sourceTree = "<group>";
		};
		E544696223B8A13C00962278 /* CIESDK */ = {
			isa = PBXGroup;
			children = (
				E544697723B8A15100962278 /* CIESDK.entitlements */,
				E544696323B8A13C00962278 /* AppDelegate.swift */,
				E544696523B8A13C00962278 /* SceneDelegate.swift */,
				E544696723B8A13C00962278 /* ViewController.swift */,
				E544696923B8A13C00962278 /* Main.storyboard */,
				E544696C23B8A13D00962278 /* Assets.xcassets */,
				E544696E23B8A13D00962278 /* LaunchScreen.storyboard */,
				E544697123B8A13D00962278 /* Info.plist */,
				E544697B23B8A30B00962278 /* CIESDK-Bridging-Header.h */,
			);
			path = CIESDK;
			sourceTree = "<group>";
		};
		E58C87BB2417C78800142A96 /* Utils */ = {
			isa = PBXGroup;
			children = (
				E58C87BC2417C78800142A96 /* JailbrakeDetector.swift */,
			);
			name = Utils;
			path = CIESDK/Utils;
			sourceTree = "<group>";
		};
/* End PBXGroup section */

/* Begin PBXNativeTarget section */
		E544695F23B8A13C00962278 /* CIESDK */ = {
			isa = PBXNativeTarget;
			buildConfigurationList = E544697423B8A13D00962278 /* Build configuration list for PBXNativeTarget "CIESDK" */;
			buildPhases = (
				E544695C23B8A13C00962278 /* Sources */,
				E544695D23B8A13C00962278 /* Frameworks */,
				E544695E23B8A13C00962278 /* Resources */,
			);
			buildRules = (
			);
			dependencies = (
			);
			name = CIESDK;
			productName = CIESDK;
			productReference = E544696023B8A13C00962278 /* IOCIESDK.app */;
			productType = "com.apple.product-type.application";
		};
/* End PBXNativeTarget section */

/* Begin PBXProject section */
		E544695823B8A13C00962278 /* Project object */ = {
			isa = PBXProject;
			attributes = {
				LastSwiftUpdateCheck = 1130;
				LastUpgradeCheck = 1130;
				ORGANIZATIONNAME = IPZS;
				TargetAttributes = {
					E544695F23B8A13C00962278 = {
						CreatedOnToolsVersion = 11.3;
						LastSwiftMigration = 1130;
					};
				};
			};
			buildConfigurationList = E544695B23B8A13C00962278 /* Build configuration list for PBXProject "native-iocieiossdk" */;
			compatibilityVersion = "Xcode 9.3";
			developmentRegion = en;
			hasScannedForEncodings = 0;
			knownRegions = (
				en,
				Base,
			);
			mainGroup = E544695723B8A13C00962278;
			productRefGroup = E544696123B8A13C00962278 /* Products */;
			projectDirPath = "";
			projectRoot = "";
			targets = (
				E544695F23B8A13C00962278 /* CIESDK */,
			);
		};
/* End PBXProject section */

/* Begin PBXResourcesBuildPhase section */
		E544695E23B8A13C00962278 /* Resources */ = {
			isa = PBXResourcesBuildPhase;
			buildActionMask = 2147483647;
			files = (
				E544697023B8A13D00962278 /* LaunchScreen.storyboard in Resources */,
				E544696D23B8A13D00962278 /* Assets.xcassets in Resources */,
				E544696B23B8A13C00962278 /* Main.storyboard in Resources */,
				E5D44F942424F04200E24614 /* include in Resources */,
			);
			runOnlyForDeploymentPostprocessing = 0;
		};
/* End PBXResourcesBuildPhase section */

/* Begin PBXSourcesBuildPhase section */
		E544695C23B8A13C00962278 /* Sources */ = {
			isa = PBXSourcesBuildPhase;
			buildActionMask = 2147483647;
			files = (
				E5D44F8D2424F04200E24614 /* CIEEngine.c in Sources */,
				E5D44F8F2424F04200E24614 /* TLV.cpp in Sources */,
				E5D44F832424F04200E24614 /* CIEEngineHelper.c in Sources */,
				E5D44F902424F04200E24614 /* UtilException.cpp in Sources */,
				E5D44F842424F04200E24614 /* AES.cpp in Sources */,
				E5D44F992424F04200E24614 /* Token.mm in Sources */,
				E5D44F892424F04200E24614 /* SHA1.cpp in Sources */,
				E544696823B8A13C00962278 /* ViewController.swift in Sources */,
				E5D44F822424F04200E24614 /* CIEIDSdk.swift in Sources */,
				E5D44F982424F04200E24614 /* ExtAuthKey.cpp in Sources */,
				E58C87BD2417C78800142A96 /* JailbrakeDetector.swift in Sources */,
				E5D44F8C2424F04200E24614 /* ErrorHelper.swift in Sources */,
				E5D44F8B2424F04200E24614 /* RSA.cpp in Sources */,
				E5D44F862424F04200E24614 /* MAC.cpp in Sources */,
				E5D44F9A2424F04200E24614 /* Token.swift in Sources */,
				E5D44F972424F04200E24614 /* MD5.cpp in Sources */,
				E5D44F872424F04200E24614 /* SHA256.cpp in Sources */,
				E5D44F8E2424F04200E24614 /* SHA512.cpp in Sources */,
				E5D44F882424F04200E24614 /* HTTPSConnection.m in Sources */,
				E5D44F962424F04200E24614 /* IAS.mm in Sources */,
				E5D44F932424F04200E24614 /* Base64.cpp in Sources */,
				E5D44F922424F04200E24614 /* util.cpp in Sources */,
				E544696423B8A13C00962278 /* AppDelegate.swift in Sources */,
				E5D44F812424F04200E24614 /* CIETagReader.swift in Sources */,
				E5D44F852424F04200E24614 /* Logging.swift in Sources */,
				E5D44F8A2424F04200E24614 /* DES3.cpp in Sources */,
				E5D44F952424F04200E24614 /* ASNParser.cpp in Sources */,
				E544696623B8A13C00962278 /* SceneDelegate.swift in Sources */,
				E5D44F912424F04200E24614 /* Array.cpp in Sources */,
			);
			runOnlyForDeploymentPostprocessing = 0;
		};
/* End PBXSourcesBuildPhase section */

/* Begin PBXVariantGroup section */
		E544696923B8A13C00962278 /* Main.storyboard */ = {
			isa = PBXVariantGroup;
			children = (
				E544696A23B8A13C00962278 /* Base */,
			);
			name = Main.storyboard;
			sourceTree = "<group>";
		};
		E544696E23B8A13D00962278 /* LaunchScreen.storyboard */ = {
			isa = PBXVariantGroup;
			children = (
				E544696F23B8A13D00962278 /* Base */,
			);
			name = LaunchScreen.storyboard;
			sourceTree = "<group>";
		};
/* End PBXVariantGroup section */

/* Begin XCBuildConfiguration section */
		E544697223B8A13D00962278 /* Debug */ = {
			isa = XCBuildConfiguration;
			buildSettings = {
				ALWAYS_SEARCH_USER_PATHS = NO;
				CLANG_ANALYZER_NONNULL = YES;
				CLANG_ANALYZER_NUMBER_OBJECT_CONVERSION = YES_AGGRESSIVE;
				CLANG_CXX_LANGUAGE_STANDARD = "gnu++14";
				CLANG_CXX_LIBRARY = "libc++";
				CLANG_ENABLE_MODULES = YES;
				CLANG_ENABLE_OBJC_ARC = YES;
				CLANG_ENABLE_OBJC_WEAK = YES;
				CLANG_WARN_BLOCK_CAPTURE_AUTORELEASING = YES;
				CLANG_WARN_BOOL_CONVERSION = YES;
				CLANG_WARN_COMMA = YES;
				CLANG_WARN_CONSTANT_CONVERSION = YES;
				CLANG_WARN_DEPRECATED_OBJC_IMPLEMENTATIONS = YES;
				CLANG_WARN_DIRECT_OBJC_ISA_USAGE = YES_ERROR;
				CLANG_WARN_DOCUMENTATION_COMMENTS = YES;
				CLANG_WARN_EMPTY_BODY = YES;
				CLANG_WARN_ENUM_CONVERSION = YES;
				CLANG_WARN_INFINITE_RECURSION = YES;
				CLANG_WARN_INT_CONVERSION = YES;
				CLANG_WARN_NON_LITERAL_NULL_CONVERSION = YES;
				CLANG_WARN_OBJC_IMPLICIT_RETAIN_SELF = YES;
				CLANG_WARN_OBJC_LITERAL_CONVERSION = YES;
				CLANG_WARN_OBJC_ROOT_CLASS = YES_ERROR;
				CLANG_WARN_RANGE_LOOP_ANALYSIS = YES;
				CLANG_WARN_STRICT_PROTOTYPES = YES;
				CLANG_WARN_SUSPICIOUS_MOVE = YES;
				CLANG_WARN_UNGUARDED_AVAILABILITY = YES_AGGRESSIVE;
				CLANG_WARN_UNREACHABLE_CODE = YES;
				CLANG_WARN__DUPLICATE_METHOD_MATCH = YES;
				COPY_PHASE_STRIP = NO;
				DEBUG_INFORMATION_FORMAT = dwarf;
				ENABLE_STRICT_OBJC_MSGSEND = YES;
				ENABLE_TESTABILITY = YES;
				GCC_C_LANGUAGE_STANDARD = gnu11;
				GCC_DYNAMIC_NO_PIC = NO;
				GCC_NO_COMMON_BLOCKS = YES;
				GCC_OPTIMIZATION_LEVEL = 0;
				GCC_PREPROCESSOR_DEFINITIONS = (
					"DEBUG=1",
					"$(inherited)",
				);
				GCC_WARN_64_TO_32_BIT_CONVERSION = YES;
				GCC_WARN_ABOUT_RETURN_TYPE = YES_ERROR;
				GCC_WARN_UNDECLARED_SELECTOR = YES;
				GCC_WARN_UNINITIALIZED_AUTOS = YES_AGGRESSIVE;
				GCC_WARN_UNUSED_FUNCTION = YES;
				GCC_WARN_UNUSED_VARIABLE = YES;
				IPHONEOS_DEPLOYMENT_TARGET = 13.2;
				MTL_ENABLE_DEBUG_INFO = INCLUDE_SOURCE;
				MTL_FAST_MATH = YES;
				ONLY_ACTIVE_ARCH = YES;
				SDKROOT = iphoneos;
				SWIFT_ACTIVE_COMPILATION_CONDITIONS = DEBUG;
				SWIFT_OPTIMIZATION_LEVEL = "-Onone";
			};
			name = Debug;
		};
		E544697323B8A13D00962278 /* Release */ = {
			isa = XCBuildConfiguration;
			buildSettings = {
				ALWAYS_SEARCH_USER_PATHS = NO;
				CLANG_ANALYZER_NONNULL = YES;
				CLANG_ANALYZER_NUMBER_OBJECT_CONVERSION = YES_AGGRESSIVE;
				CLANG_CXX_LANGUAGE_STANDARD = "gnu++14";
				CLANG_CXX_LIBRARY = "libc++";
				CLANG_ENABLE_MODULES = YES;
				CLANG_ENABLE_OBJC_ARC = YES;
				CLANG_ENABLE_OBJC_WEAK = YES;
				CLANG_WARN_BLOCK_CAPTURE_AUTORELEASING = YES;
				CLANG_WARN_BOOL_CONVERSION = YES;
				CLANG_WARN_COMMA = YES;
				CLANG_WARN_CONSTANT_CONVERSION = YES;
				CLANG_WARN_DEPRECATED_OBJC_IMPLEMENTATIONS = YES;
				CLANG_WARN_DIRECT_OBJC_ISA_USAGE = YES_ERROR;
				CLANG_WARN_DOCUMENTATION_COMMENTS = YES;
				CLANG_WARN_EMPTY_BODY = YES;
				CLANG_WARN_ENUM_CONVERSION = YES;
				CLANG_WARN_INFINITE_RECURSION = YES;
				CLANG_WARN_INT_CONVERSION = YES;
				CLANG_WARN_NON_LITERAL_NULL_CONVERSION = YES;
				CLANG_WARN_OBJC_IMPLICIT_RETAIN_SELF = YES;
				CLANG_WARN_OBJC_LITERAL_CONVERSION = YES;
				CLANG_WARN_OBJC_ROOT_CLASS = YES_ERROR;
				CLANG_WARN_RANGE_LOOP_ANALYSIS = YES;
				CLANG_WARN_STRICT_PROTOTYPES = YES;
				CLANG_WARN_SUSPICIOUS_MOVE = YES;
				CLANG_WARN_UNGUARDED_AVAILABILITY = YES_AGGRESSIVE;
				CLANG_WARN_UNREACHABLE_CODE = YES;
				CLANG_WARN__DUPLICATE_METHOD_MATCH = YES;
				COPY_PHASE_STRIP = NO;
				DEBUG_INFORMATION_FORMAT = "dwarf-with-dsym";
				ENABLE_NS_ASSERTIONS = NO;
				ENABLE_STRICT_OBJC_MSGSEND = YES;
				GCC_C_LANGUAGE_STANDARD = gnu11;
				GCC_NO_COMMON_BLOCKS = YES;
				GCC_WARN_64_TO_32_BIT_CONVERSION = YES;
				GCC_WARN_ABOUT_RETURN_TYPE = YES_ERROR;
				GCC_WARN_UNDECLARED_SELECTOR = YES;
				GCC_WARN_UNINITIALIZED_AUTOS = YES_AGGRESSIVE;
				GCC_WARN_UNUSED_FUNCTION = YES;
				GCC_WARN_UNUSED_VARIABLE = YES;
				IPHONEOS_DEPLOYMENT_TARGET = 13.2;
				MTL_ENABLE_DEBUG_INFO = NO;
				MTL_FAST_MATH = YES;
				SDKROOT = iphoneos;
				SWIFT_COMPILATION_MODE = wholemodule;
				SWIFT_OPTIMIZATION_LEVEL = "-O";
				VALIDATE_PRODUCT = YES;
			};
			name = Release;
		};
		E544697523B8A13D00962278 /* Debug */ = {
			isa = XCBuildConfiguration;
			buildSettings = {
				ASSETCATALOG_COMPILER_APPICON_NAME = AppIcon;
				CLANG_ENABLE_MODULES = YES;
				CODE_SIGN_ENTITLEMENTS = CIESDK/CIESDK.entitlements;
				CODE_SIGN_STYLE = Automatic;
				DEVELOPMENT_TEAM = UV5M7CH7SB;
				ENABLE_BITCODE = NO;
				GCC_PREPROCESSOR_DEFINITIONS = "$(inherited)";
				"GCC_PREPROCESSOR_DEFINITIONS[arch=*]" = "$(inherited)";
				HEADER_SEARCH_PATHS = (
					"$(inherited)",
					"\"${PODS_ROOT}/Headers/Public\"",
					"$(PROJECT_DIR)/iocieiossdk/include",
				);
				INFOPLIST_FILE = CIESDK/Info.plist;
				LD_RUNPATH_SEARCH_PATHS = (
					"$(inherited)",
					"@executable_path/Frameworks",
				);
				LIBRARY_SEARCH_PATHS = (
					"$(inherited)",
					"$(PROJECT_DIR)/CIESDK",
					"$(PROJECT_DIR)",
					"$(PROJECT_DIR)/iocieiossdk",
				);
				OTHER_CFLAGS = "";
				PRODUCT_BUNDLE_IDENTIFIER = io.cie.sdk;
				PRODUCT_NAME = IOCIESDK;
				SWIFT_OBJC_BRIDGING_HEADER = "CIESDK/CIESDK-Bridging-Header.h";
				SWIFT_OPTIMIZATION_LEVEL = "-Onone";
				SWIFT_VERSION = 5.0;
				TARGETED_DEVICE_FAMILY = "1,2";
			};
			name = Debug;
		};
		E544697623B8A13D00962278 /* Release */ = {
			isa = XCBuildConfiguration;
			buildSettings = {
				ASSETCATALOG_COMPILER_APPICON_NAME = AppIcon;
				CLANG_ENABLE_MODULES = YES;
				CODE_SIGN_ENTITLEMENTS = CIESDK/CIESDK.entitlements;
				CODE_SIGN_STYLE = Automatic;
				DEVELOPMENT_TEAM = UV5M7CH7SB;
				ENABLE_BITCODE = NO;
				HEADER_SEARCH_PATHS = (
					"$(inherited)",
					"\"${PODS_ROOT}/Headers/Public\"",
					"$(PROJECT_DIR)/iocieiossdk/include",
				);
				INFOPLIST_FILE = CIESDK/Info.plist;
				LD_RUNPATH_SEARCH_PATHS = (
					"$(inherited)",
					"@executable_path/Frameworks",
				);
				LIBRARY_SEARCH_PATHS = (
					"$(inherited)",
					"$(PROJECT_DIR)/CIESDK",
					"$(PROJECT_DIR)",
					"$(PROJECT_DIR)/iocieiossdk",
				);
				OTHER_CFLAGS = "";
				PRODUCT_BUNDLE_IDENTIFIER = io.cie.sdk;
				PRODUCT_NAME = IOCIESDK;
				SWIFT_OBJC_BRIDGING_HEADER = "CIESDK/CIESDK-Bridging-Header.h";
				SWIFT_VERSION = 5.0;
				TARGETED_DEVICE_FAMILY = "1,2";
			};
			name = Release;
		};
/* End XCBuildConfiguration section */

/* Begin XCConfigurationList section */
		E544695B23B8A13C00962278 /* Build configuration list for PBXProject "native-iocieiossdk" */ = {
			isa = XCConfigurationList;
			buildConfigurations = (
				E544697223B8A13D00962278 /* Debug */,
				E544697323B8A13D00962278 /* Release */,
			);
			defaultConfigurationIsVisible = 0;
			defaultConfigurationName = Release;
		};
		E544697423B8A13D00962278 /* Build configuration list for PBXNativeTarget "CIESDK" */ = {
			isa = XCConfigurationList;
			buildConfigurations = (
				E544697523B8A13D00962278 /* Debug */,
				E544697623B8A13D00962278 /* Release */,
			);
			defaultConfigurationIsVisible = 0;
			defaultConfigurationName = Release;
		};
/* End XCConfigurationList section */
	};
	rootObject = E544695823B8A13C00962278 /* Project object */;
}
